
Microsoft Visual Studio Solution File, Format Version 12.00
# Visual Studio 15
VisualStudioVersion = 15.0.27004.2005
MinimumVisualStudioVersion = 10.0.40219.1
Project("{FAE04EC0-301F-11D3-BF4B-00C04F79EFBC}") = "Medical Store", "Medical Store\Medical Store.csproj", "{3345C80A-E6DF-4E01-ACFF-199AF3824F4B}"
EndProject
Global
	GlobalSection(SolutionConfigurationPlatforms) = preSolution
		Debug|Any CPU = Debug|Any CPU
		Release|Any CPU = Release|Any CPU
	EndGlobalSection
	GlobalSection(ProjectConfigurationPlatforms) = postSolution
		{3345C80A-E6DF-4E01-ACFF-199AF3824F4B}.Debug|Any CPU.ActiveCfg = Debug|Any CPU
		{3345C80A-E6DF-4E01-ACFF-199AF3824F4B}.Debug|Any CPU.Build.0 = Debug|Any CPU
		{3345C80A-E6DF-4E01-ACFF-199AF3824F4B}.Release|Any CPU.ActiveCfg = Release|Any CPU
		{3345C80A-E6DF-4E01-ACFF-199AF3824F4B}.Release|Any CPU.Build.0 = Release|Any CPU
	EndGlobalSection
	GlobalSection(SolutionProperties) = preSolution
		HideSolutionNode = FALSE
	EndGlobalSection
	GlobalSection(ExtensibilityGlobals) = postSolution
		SolutionGuid = {578866E9-11B7-4DB9-A973-BF627F3CA5B0}
	EndGlobalSection
EndGlobal
